# This file is automatically @generated by Cargo.
# It is not intended for manual editing.
version = 4

[[package]]
name = "adapter"
version = "0.1.0"

[[package]]
name = "builder"
version = "0.1.0"

[[package]]
name = "decorator"
version = "0.1.0"

[[package]]
name = "factory"
version = "0.1.0"

[[package]]
name = "observer"
version = "0.1.0"

[[package]]
name = "singleton"
version = "0.1.0"

[[package]]
name = "strategy"
version = "0.1.0"
